
Microsoft Visual Studio Solution File, Format Version 12.00
# Visual Studio Version 16
VisualStudioVersion = 16.0.31112.23
MinimumVisualStudioVersion = 10.0.40219.1
Project("{FAE04EC0-301F-11D3-BF4B-00C04F79EFBC}") = "CARDOOR", "CARDOOR\CARDOOR.csproj", "{90678416-A229-4B86-9AC5-EFE6FDE74D0D}"
EndProject
Project("{FAE04EC0-301F-11D3-BF4B-00C04F79EFBC}") = "MyLibrary", "MyLibrary\MyLibrary.csproj", "{B61058F0-7E3E-46AB-9547-7942E907B9B9}"
EndProject
Global
	GlobalSection(SolutionConfigurationPlatforms) = preSolution
		Debug|Any CPU = Debug|Any CPU
		Release|Any CPU = Release|Any CPU
	EndGlobalSection
	GlobalSection(ProjectConfigurationPlatforms) = postSolution
		{90678416-A229-4B86-9AC5-EFE6FDE74D0D}.Debug|Any CPU.ActiveCfg = Debug|Any CPU
		{90678416-A229-4B86-9AC5-EFE6FDE74D0D}.Debug|Any CPU.Build.0 = Debug|Any CPU
		{90678416-A229-4B86-9AC5-EFE6FDE74D0D}.Release|Any CPU.ActiveCfg = Release|Any CPU
		{90678416-A229-4B86-9AC5-EFE6FDE74D0D}.Release|Any CPU.Build.0 = Release|Any CPU
		{B61058F0-7E3E-46AB-9547-7942E907B9B9}.Debug|Any CPU.ActiveCfg = Debug|Any CPU
		{B61058F0-7E3E-46AB-9547-7942E907B9B9}.Debug|Any CPU.Build.0 = Debug|Any CPU
		{B61058F0-7E3E-46AB-9547-7942E907B9B9}.Release|Any CPU.ActiveCfg = Release|Any CPU
		{B61058F0-7E3E-46AB-9547-7942E907B9B9}.Release|Any CPU.Build.0 = Release|Any CPU
	EndGlobalSection
	GlobalSection(SolutionProperties) = preSolution
		HideSolutionNode = FALSE
	EndGlobalSection
	GlobalSection(ExtensibilityGlobals) = postSolution
		SolutionGuid = {4FACE43E-B98D-4827-8905-EAC62163FF02}
	EndGlobalSection
EndGlobal
